
Microsoft Visual Studio Solution File, Format Version 12.00
# Visual Studio Version 17
VisualStudioVersion = 17.10.34928.147
MinimumVisualStudioVersion = 10.0.40219.1
Project("{2150E333-8FDC-42A3-9474-1A3956D46DE8}") = "1. Presentation", "1. Presentation", "{5BF2B942-0BCA-459C-A8BE-E33EC3C87DAC}"
EndProject
Project("{2150E333-8FDC-42A3-9474-1A3956D46DE8}") = "2. Application", "2. Application", "{68B7AB8F-FEAA-4E1C-A049-03E4E675527F}"
EndProject
Project("{2150E333-8FDC-42A3-9474-1A3956D46DE8}") = "3. Domain", "3. Domain", "{4A915A36-B0F3-4823-8C39-B0FF95298940}"
EndProject
Project("{2150E333-8FDC-42A3-9474-1A3956D46DE8}") = "4. Infrastructure", "4. Infrastructure", "{70D90DDA-BAD1-41C4-AECC-9982FA517770}"
EndProject
Project("{9A19103F-16F7-4668-BE54-9A1E7A4F7556}") = "ECommerce.Domain", "ECommerce.Domain\ECommerce.Domain.csproj", "{2D95CD07-7217-4C8A-B94A-3629906498C2}"
EndProject
Project("{9A19103F-16F7-4668-BE54-9A1E7A4F7556}") = "ECommerce.DataAccess.Postgres", "ECommerce.DataAccess.Postgres\ECommerce.DataAccess.Postgres.csproj", "{2D568740-0836-4636-9831-56255D00CFF6}"
EndProject
Project("{9A19103F-16F7-4668-BE54-9A1E7A4F7556}") = "ECommerce.Api", "ECommerce.Identity.Api\ECommerce.Api.csproj", "{825F30DB-6906-4F1D-8B33-2FED1A226328}"
EndProject
Project("{9A19103F-16F7-4668-BE54-9A1E7A4F7556}") = "ECommerce.Application", "ECommerce.Identity.Application\ECommerce.Application.csproj", "{77B85EE2-8A27-4F62-B57B-039584BC11AB}"
EndProject
Project("{9A19103F-16F7-4668-BE54-9A1E7A4F7556}") = "ECommerce.Infrastructure.Impl", "ECommerce.Infrastructure.Impl\ECommerce.Infrastructure.Impl.csproj", "{1ABD5E7C-B744-45A3-B271-C9F55D156B79}"
EndProject
Project("{FAE04EC0-301F-11D3-BF4B-00C04F79EFBC}") = "ECommerce.Constant", "ECommerce.Constant\ECommerce.Constant.csproj", "{0D3BE701-0AE7-466D-B3A3-62BF3D44AEB0}"
EndProject
Global
	GlobalSection(SolutionConfigurationPlatforms) = preSolution
		Debug|Any CPU = Debug|Any CPU
		Release|Any CPU = Release|Any CPU
	EndGlobalSection
	GlobalSection(ProjectConfigurationPlatforms) = postSolution
		{2D95CD07-7217-4C8A-B94A-3629906498C2}.Debug|Any CPU.ActiveCfg = Debug|Any CPU
		{2D95CD07-7217-4C8A-B94A-3629906498C2}.Debug|Any CPU.Build.0 = Debug|Any CPU
		{2D95CD07-7217-4C8A-B94A-3629906498C2}.Release|Any CPU.ActiveCfg = Release|Any CPU
		{2D95CD07-7217-4C8A-B94A-3629906498C2}.Release|Any CPU.Build.0 = Release|Any CPU
		{2D568740-0836-4636-9831-56255D00CFF6}.Debug|Any CPU.ActiveCfg = Debug|Any CPU
		{2D568740-0836-4636-9831-56255D00CFF6}.Debug|Any CPU.Build.0 = Debug|Any CPU
		{2D568740-0836-4636-9831-56255D00CFF6}.Release|Any CPU.ActiveCfg = Release|Any CPU
		{2D568740-0836-4636-9831-56255D00CFF6}.Release|Any CPU.Build.0 = Release|Any CPU
		{825F30DB-6906-4F1D-8B33-2FED1A226328}.Debug|Any CPU.ActiveCfg = Debug|Any CPU
		{825F30DB-6906-4F1D-8B33-2FED1A226328}.Debug|Any CPU.Build.0 = Debug|Any CPU
		{825F30DB-6906-4F1D-8B33-2FED1A226328}.Release|Any CPU.ActiveCfg = Release|Any CPU
		{825F30DB-6906-4F1D-8B33-2FED1A226328}.Release|Any CPU.Build.0 = Release|Any CPU
		{77B85EE2-8A27-4F62-B57B-039584BC11AB}.Debug|Any CPU.ActiveCfg = Debug|Any CPU
		{77B85EE2-8A27-4F62-B57B-039584BC11AB}.Debug|Any CPU.Build.0 = Debug|Any CPU
		{77B85EE2-8A27-4F62-B57B-039584BC11AB}.Release|Any CPU.ActiveCfg = Release|Any CPU
		{77B85EE2-8A27-4F62-B57B-039584BC11AB}.Release|Any CPU.Build.0 = Release|Any CPU
		{1ABD5E7C-B744-45A3-B271-C9F55D156B79}.Debug|Any CPU.ActiveCfg = Debug|Any CPU
		{1ABD5E7C-B744-45A3-B271-C9F55D156B79}.Debug|Any CPU.Build.0 = Debug|Any CPU
		{1ABD5E7C-B744-45A3-B271-C9F55D156B79}.Release|Any CPU.ActiveCfg = Release|Any CPU
		{1ABD5E7C-B744-45A3-B271-C9F55D156B79}.Release|Any CPU.Build.0 = Release|Any CPU
		{0D3BE701-0AE7-466D-B3A3-62BF3D44AEB0}.Debug|Any CPU.ActiveCfg = Debug|Any CPU
		{0D3BE701-0AE7-466D-B3A3-62BF3D44AEB0}.Debug|Any CPU.Build.0 = Debug|Any CPU
		{0D3BE701-0AE7-466D-B3A3-62BF3D44AEB0}.Release|Any CPU.ActiveCfg = Release|Any CPU
		{0D3BE701-0AE7-466D-B3A3-62BF3D44AEB0}.Release|Any CPU.Build.0 = Release|Any CPU
	EndGlobalSection
	GlobalSection(SolutionProperties) = preSolution
		HideSolutionNode = FALSE
	EndGlobalSection
	GlobalSection(NestedProjects) = preSolution
		{2D95CD07-7217-4C8A-B94A-3629906498C2} = {4A915A36-B0F3-4823-8C39-B0FF95298940}
		{2D568740-0836-4636-9831-56255D00CFF6} = {70D90DDA-BAD1-41C4-AECC-9982FA517770}
		{825F30DB-6906-4F1D-8B33-2FED1A226328} = {5BF2B942-0BCA-459C-A8BE-E33EC3C87DAC}
		{77B85EE2-8A27-4F62-B57B-039584BC11AB} = {68B7AB8F-FEAA-4E1C-A049-03E4E675527F}
		{1ABD5E7C-B744-45A3-B271-C9F55D156B79} = {70D90DDA-BAD1-41C4-AECC-9982FA517770}
	EndGlobalSection
	GlobalSection(ExtensibilityGlobals) = postSolution
		SolutionGuid = {1199C136-90B9-446D-BD03-0E376B46E940}
	EndGlobalSection
EndGlobal
